
Microsoft Visual Studio Solution File, Format Version 12.00
# Visual Studio Version 17
VisualStudioVersion = 17.14.37012.4 d17.14
MinimumVisualStudioVersion = 10.0.40219.1
Project("{FAE04EC0-301F-11D3-BF4B-00C04F79EFBC}") = "11.2", "11.2.csproj", "{384D976C-18AE-43EE-AEEE-DA380A689BE4}"
EndProject
Global
	GlobalSection(SolutionConfigurationPlatforms) = preSolution
		Debug|Any CPU = Debug|Any CPU
		Release|Any CPU = Release|Any CPU
	EndGlobalSection
	GlobalSection(ProjectConfigurationPlatforms) = postSolution
		{384D976C-18AE-43EE-AEEE-DA380A689BE4}.Debug|Any CPU.ActiveCfg = Debug|Any CPU
		{384D976C-18AE-43EE-AEEE-DA380A689BE4}.Debug|Any CPU.Build.0 = Debug|Any CPU
		{384D976C-18AE-43EE-AEEE-DA380A689BE4}.Release|Any CPU.ActiveCfg = Release|Any CPU
		{384D976C-18AE-43EE-AEEE-DA380A689BE4}.Release|Any CPU.Build.0 = Release|Any CPU
	EndGlobalSection
	GlobalSection(SolutionProperties) = preSolution
		HideSolutionNode = FALSE
	EndGlobalSection
	GlobalSection(ExtensibilityGlobals) = postSolution
		SolutionGuid = {EA737A6A-9DFC-4421-A61B-7EB4E5123BB2}
	EndGlobalSection
EndGlobal
